
Microsoft Visual Studio Solution File, Format Version 12.00
# Visual Studio Version 16
VisualStudioVersion = 16.0.31605.320
MinimumVisualStudioVersion = 10.0.40219.1
Project("{9A19103F-16F7-4668-BE54-9A1E7A4F7556}") = "Vehicles.Common", "Vehicles.Common\Vehicles.Common.csproj", "{5CFA867A-755E-425D-AAF4-FA2289C62EC4}"
EndProject
Project("{9A19103F-16F7-4668-BE54-9A1E7A4F7556}") = "Vehicles.API", "Vehicles.API\Vehicles.API.csproj", "{F2BC776D-724A-4133-B128-DBBE75153077}"
EndProject
Global
	GlobalSection(SolutionConfigurationPlatforms) = preSolution
		Debug|Any CPU = Debug|Any CPU
		Release|Any CPU = Release|Any CPU
	EndGlobalSection
	GlobalSection(ProjectConfigurationPlatforms) = postSolution
		{5CFA867A-755E-425D-AAF4-FA2289C62EC4}.Debug|Any CPU.ActiveCfg = Debug|Any CPU
		{5CFA867A-755E-425D-AAF4-FA2289C62EC4}.Debug|Any CPU.Build.0 = Debug|Any CPU
		{5CFA867A-755E-425D-AAF4-FA2289C62EC4}.Release|Any CPU.ActiveCfg = Release|Any CPU
		{5CFA867A-755E-425D-AAF4-FA2289C62EC4}.Release|Any CPU.Build.0 = Release|Any CPU
		{F2BC776D-724A-4133-B128-DBBE75153077}.Debug|Any CPU.ActiveCfg = Debug|Any CPU
		{F2BC776D-724A-4133-B128-DBBE75153077}.Debug|Any CPU.Build.0 = Debug|Any CPU
		{F2BC776D-724A-4133-B128-DBBE75153077}.Release|Any CPU.ActiveCfg = Release|Any CPU
		{F2BC776D-724A-4133-B128-DBBE75153077}.Release|Any CPU.Build.0 = Release|Any CPU
	EndGlobalSection
	GlobalSection(SolutionProperties) = preSolution
		HideSolutionNode = FALSE
	EndGlobalSection
	GlobalSection(ExtensibilityGlobals) = postSolution
		SolutionGuid = {B0B619B9-B50F-4AD8-9F26-DB0CE943370F}
	EndGlobalSection
EndGlobal
